
Microsoft Visual Studio Solution File, Format Version 12.00
# Visual Studio Version 16
VisualStudioVersion = 16.0.30204.135
MinimumVisualStudioVersion = 10.0.40219.1
Project("{9A19103F-16F7-4668-BE54-9A1E7A4F7556}") = "Data3", "..\Data3\Data3.csproj", "{D21EE1BE-3F61-40FC-B3AE-27578E4D9139}"
EndProject
Project("{FAE04EC0-301F-11D3-BF4B-00C04F79EFBC}") = "RailwaysBG", "RailwaysBG.csproj", "{5E2DB7E3-9D1E-449C-8BE2-C27A182294C6}"
EndProject
Global
	GlobalSection(SolutionConfigurationPlatforms) = preSolution
		Debug|Any CPU = Debug|Any CPU
		Release|Any CPU = Release|Any CPU
	EndGlobalSection
	GlobalSection(ProjectConfigurationPlatforms) = postSolution
		{D21EE1BE-3F61-40FC-B3AE-27578E4D9139}.Debug|Any CPU.ActiveCfg = Debug|Any CPU
		{D21EE1BE-3F61-40FC-B3AE-27578E4D9139}.Debug|Any CPU.Build.0 = Debug|Any CPU
		{D21EE1BE-3F61-40FC-B3AE-27578E4D9139}.Release|Any CPU.ActiveCfg = Release|Any CPU
		{D21EE1BE-3F61-40FC-B3AE-27578E4D9139}.Release|Any CPU.Build.0 = Release|Any CPU
		{5E2DB7E3-9D1E-449C-8BE2-C27A182294C6}.Debug|Any CPU.ActiveCfg = Debug|Any CPU
		{5E2DB7E3-9D1E-449C-8BE2-C27A182294C6}.Debug|Any CPU.Build.0 = Debug|Any CPU
		{5E2DB7E3-9D1E-449C-8BE2-C27A182294C6}.Release|Any CPU.ActiveCfg = Release|Any CPU
		{5E2DB7E3-9D1E-449C-8BE2-C27A182294C6}.Release|Any CPU.Build.0 = Release|Any CPU
	EndGlobalSection
	GlobalSection(SolutionProperties) = preSolution
		HideSolutionNode = FALSE
	EndGlobalSection
	GlobalSection(ExtensibilityGlobals) = postSolution
		SolutionGuid = {AEA55185-3563-41C4-B709-F51BC8758410}
	EndGlobalSection
EndGlobal
